
Microsoft Visual Studio Solution File, Format Version 12.00
# Visual Studio Version 17
VisualStudioVersion = 17.0.31903.59
MinimumVisualStudioVersion = 10.0.40219.1
Project("{2150E333-8FDC-42A3-9474-1A3956D46DE8}") = "PSSC", "PSSC", "{A21DAC21-12E3-4266-83F5-0A1EB0746B37}"
EndProject
Project("{2150E333-8FDC-42A3-9474-1A3956D46DE8}") = "Imbru_Adelin", "Imbru_Adelin", "{94CC2B82-0D11-424C-9A66-F47017517D19}"
EndProject
Project("{FAE04EC0-301F-11D3-BF4B-00C04F79EFBC}") = "Lab1", "PSSC\Imbru_Adelin\Lab1\Lab1.csproj", "{56AAFB73-F3E0-4BC6-AFEF-C9916762D7D5}"
EndProject
Global
	GlobalSection(SolutionConfigurationPlatforms) = preSolution
		Debug|Any CPU = Debug|Any CPU
		Release|Any CPU = Release|Any CPU
	EndGlobalSection
	GlobalSection(SolutionProperties) = preSolution
		HideSolutionNode = FALSE
	EndGlobalSection
	GlobalSection(ProjectConfigurationPlatforms) = postSolution
		{56AAFB73-F3E0-4BC6-AFEF-C9916762D7D5}.Debug|Any CPU.ActiveCfg = Debug|Any CPU
		{56AAFB73-F3E0-4BC6-AFEF-C9916762D7D5}.Debug|Any CPU.Build.0 = Debug|Any CPU
		{56AAFB73-F3E0-4BC6-AFEF-C9916762D7D5}.Release|Any CPU.ActiveCfg = Release|Any CPU
		{56AAFB73-F3E0-4BC6-AFEF-C9916762D7D5}.Release|Any CPU.Build.0 = Release|Any CPU
	EndGlobalSection
	GlobalSection(NestedProjects) = preSolution
		{94CC2B82-0D11-424C-9A66-F47017517D19} = {A21DAC21-12E3-4266-83F5-0A1EB0746B37}
		{56AAFB73-F3E0-4BC6-AFEF-C9916762D7D5} = {94CC2B82-0D11-424C-9A66-F47017517D19}
	EndGlobalSection
EndGlobal
